// !$*UTF8*$!
{
	archiveVersion = 1;
	classes = {
	};
	objectVersion = 46;
	objects = {

/* Begin PBXBuildFile section */
		7249F08C1AE5641F00D8FEA4 /* main.swift in Sources */ = {isa = PBXBuildFile; fileRef = 7249F08B1AE5641F00D8FEA4 /* main.swift */; };
		72B608DC1AE56A0200475104 /* chapter1.swift in Sources */ = {isa = PBXBuildFile; fileRef = 72B608DB1AE56A0200475104 /* chapter1.swift */; };
/* End PBXBuildFile section */

/* Begin PBXCopyFilesBuildPhase section */
		7249F0861AE5641F00D8FEA4 /* CopyFiles */ = {
			isa = PBXCopyFilesBuildPhase;
			buildActionMask = 2147483647;
			dstPath = /usr/share/man/man1/;
			dstSubfolderSpec = 0;
			files = (
			);
			runOnlyForDeploymentPostprocessing = 1;
		};
/* End PBXCopyFilesBuildPhase section */

/* Begin PBXFileReference section */
		7249F0881AE5641F00D8FEA4 /* swift-testy */ = {isa = PBXFileReference; explicitFileType = "compiled.mach-o.executable"; includeInIndex = 0; path = "swift-testy"; sourceTree = BUILT_PRODUCTS_DIR; };
		7249F08B1AE5641F00D8FEA4 /* main.swift */ = {isa = PBXFileReference; lastKnownFileType = sourcecode.swift; path = main.swift; sourceTree = "<group>"; };
		72B608DB1AE56A0200475104 /* chapter1.swift */ = {isa = PBXFileReference; fileEncoding = 4; lastKnownFileType = sourcecode.swift; path = chapter1.swift; sourceTree = "<group>"; };
/* End PBXFileReference section */

/* Begin PBXFrameworksBuildPhase section */
		7249F0851AE5641F00D8FEA4 /* Frameworks */ = {
			isa = PBXFrameworksBuildPhase;
			buildActionMask = 2147483647;
			files = (
			);
			runOnlyForDeploymentPostprocessing = 0;
		};
/* End PBXFrameworksBuildPhase section */

/* Begin PBXGroup section */
		7249F07F1AE5641F00D8FEA4 = {
			isa = PBXGroup;
			children = (
				7249F08A1AE5641F00D8FEA4 /* swift-testy */,
				7249F0891AE5641F00D8FEA4 /* Products */,
			);
			sourceTree = "<group>";
		};
		7249F0891AE5641F00D8FEA4 /* Products */ = {
			isa = PBXGroup;
			children = (
				7249F0881AE5641F00D8FEA4 /* swift-testy */,
			);
			name = Products;
			sourceTree = "<group>";
		};
		7249F08A1AE5641F00D8FEA4 /* swift-testy */ = {
			isa = PBXGroup;
			children = (
				7249F08B1AE5641F00D8FEA4 /* main.swift */,
				72B608DB1AE56A0200475104 /* chapter1.swift */,
			);
			path = "swift-testy";
			sourceTree = "<group>";
		};
/* End PBXGroup section */

/* Begin PBXNativeTarget section */
		7249F0871AE5641F00D8FEA4 /* swift-testy */ = {
			isa = PBXNativeTarget;
			buildConfigurationList = 7249F08F1AE5641F00D8FEA4 /* Build configuration list for PBXNativeTarget "swift-testy" */;
			buildPhases = (
				7249F0841AE5641F00D8FEA4 /* Sources */,
				7249F0851AE5641F00D8FEA4 /* Frameworks */,
				7249F0861AE5641F00D8FEA4 /* CopyFiles */,
			);
			buildRules = (
			);
			dependencies = (
			);
			name = "swift-testy";
			productName = "swift-testy";
			productReference = 7249F0881AE5641F00D8FEA4 /* swift-testy */;
			productType = "com.apple.product-type.tool";
		};
/* End PBXNativeTarget section */

/* Begin PBXProject section */
		7249F0801AE5641F00D8FEA4 /* Project object */ = {
			isa = PBXProject;
			attributes = {
				LastUpgradeCheck = 0630;
				ORGANIZATIONNAME = "John Fred Davis";
				TargetAttributes = {
					7249F0871AE5641F00D8FEA4 = {
						CreatedOnToolsVersion = 6.3;
					};
				};
			};
			buildConfigurationList = 7249F0831AE5641F00D8FEA4 /* Build configuration list for PBXProject "swift-testy" */;
			compatibilityVersion = "Xcode 3.2";
			developmentRegion = English;
			hasScannedForEncodings = 0;
			knownRegions = (
				en,
			);
			mainGroup = 7249F07F1AE5641F00D8FEA4;
			productRefGroup = 7249F0891AE5641F00D8FEA4 /* Products */;
			projectDirPath = "";
			projectRoot = "";
			targets = (
				7249F0871AE5641F00D8FEA4 /* swift-testy */,
			);
		};
/* End PBXProject section */

/* Begin PBXSourcesBuildPhase section */
		7249F0841AE5641F00D8FEA4 /* Sources */ = {
			isa = PBXSourcesBuildPhase;
			buildActionMask = 2147483647;
			files = (
				7249F08C1AE5641F00D8FEA4 /* main.swift in Sources */,
				72B608DC1AE56A0200475104 /* chapter1.swift in Sources */,
			);
			runOnlyForDeploymentPostprocessing = 0;
		};
/* End PBXSourcesBuildPhase section */

/* Begin XCBuildConfiguration section */
		7249F08D1AE5641F00D8FEA4 /* Debug */ = {
			isa = XCBuildConfiguration;
			buildSettings = {
				ALWAYS_SEARCH_USER_PATHS = NO;
				CLANG_CXX_LANGUAGE_STANDARD = "gnu++0x";
				CLANG_CXX_LIBRARY = "libc++";
				CLANG_ENABLE_MODULES = YES;
				CLANG_ENABLE_OBJC_ARC = YES;
				CLANG_WARN_BOOL_CONVERSION = YES;
				CLANG_WARN_CONSTANT_CONVERSION = YES;
				CLANG_WARN_DIRECT_OBJC_ISA_USAGE = YES_ERROR;
				CLANG_WARN_EMPTY_BODY = YES;
				CLANG_WARN_ENUM_CONVERSION = YES;
				CLANG_WARN_INT_CONVERSION = YES;
				CLANG_WARN_OBJC_ROOT_CLASS = YES_ERROR;
				CLANG_WARN_UNREACHABLE_CODE = YES;
				CLANG_WARN__DUPLICATE_METHOD_MATCH = YES;
				COPY_PHASE_STRIP = NO;
				DEBUG_INFORMATION_FORMAT = dwarf;
				ENABLE_STRICT_OBJC_MSGSEND = YES;
				GCC_C_LANGUAGE_STANDARD = gnu99;
				GCC_DYNAMIC_NO_PIC = NO;
				GCC_NO_COMMON_BLOCKS = YES;
				GCC_OPTIMIZATION_LEVEL = 0;
				GCC_PREPROCESSOR_DEFINITIONS = (
					"DEBUG=1",
					"$(inherited)",
				);
				GCC_SYMBOLS_PRIVATE_EXTERN = NO;
				GCC_WARN_64_TO_32_BIT_CONVERSION = YES;
				GCC_WARN_ABOUT_RETURN_TYPE = YES_ERROR;
				GCC_WARN_UNDECLARED_SELECTOR = YES;
				GCC_WARN_UNINITIALIZED_AUTOS = YES_AGGRESSIVE;
				GCC_WARN_UNUSED_FUNCTION = YES;
				GCC_WARN_UNUSED_VARIABLE = YES;
				MACOSX_DEPLOYMENT_TARGET = 10.10;
				MTL_ENABLE_DEBUG_INFO = YES;
				ONLY_ACTIVE_ARCH = YES;
				SDKROOT = macosx;
				SWIFT_OPTIMIZATION_LEVEL = "-Onone";
			};
			name = Debug;
		};
		7249F08E1AE5641F00D8FEA4 /* Release */ = {
			isa = XCBuildConfiguration;
			buildSettings = {
				ALWAYS_SEARCH_USER_PATHS = NO;
				CLANG_CXX_LANGUAGE_STANDARD = "gnu++0x";
				CLANG_CXX_LIBRARY = "libc++";
				CLANG_ENABLE_MODULES = YES;
				CLANG_ENABLE_OBJC_ARC = YES;
				CLANG_WARN_BOOL_CONVERSION = YES;
				CLANG_WARN_CONSTANT_CONVERSION = YES;
				CLANG_WARN_DIRECT_OBJC_ISA_USAGE = YES_ERROR;
				CLANG_WARN_EMPTY_BODY = YES;
				CLANG_WARN_ENUM_CONVERSION = YES;
				CLANG_WARN_INT_CONVERSION = YES;
				CLANG_WARN_OBJC_ROOT_CLASS = YES_ERROR;
				CLANG_WARN_UNREACHABLE_CODE = YES;
				CLANG_WARN__DUPLICATE_METHOD_MATCH = YES;
				COPY_PHASE_STRIP = NO;
				DEBUG_INFORMATION_FORMAT = "dwarf-with-dsym";
				ENABLE_NS_ASSERTIONS = NO;
				ENABLE_STRICT_OBJC_MSGSEND = YES;
				GCC_C_LANGUAGE_STANDARD = gnu99;
				GCC_NO_COMMON_BLOCKS = YES;
				GCC_WARN_64_TO_32_BIT_CONVERSION = YES;
				GCC_WARN_ABOUT_RETURN_TYPE = YES_ERROR;
				GCC_WARN_UNDECLARED_SELECTOR = YES;
				GCC_WARN_UNINITIALIZED_AUTOS = YES_AGGRESSIVE;
				GCC_WARN_UNUSED_FUNCTION = YES;
				GCC_WARN_UNUSED_VARIABLE = YES;
				MACOSX_DEPLOYMENT_TARGET = 10.10;
				MTL_ENABLE_DEBUG_INFO = NO;
				SDKROOT = macosx;
			};
			name = Release;
		};
		7249F0901AE5641F00D8FEA4 /* Debug */ = {
			isa = XCBuildConfiguration;
			buildSettings = {
				PRODUCT_NAME = "$(TARGET_NAME)";
			};
			name = Debug;
		};
		7249F0911AE5641F00D8FEA4 /* Release */ = {
			isa = XCBuildConfiguration;
			buildSettings = {
				PRODUCT_NAME = "$(TARGET_NAME)";
			};
			name = Release;
		};
/* End XCBuildConfiguration section */

/* Begin XCConfigurationList section */
		7249F0831AE5641F00D8FEA4 /* Build configuration list for PBXProject "swift-testy" */ = {
			isa = XCConfigurationList;
			buildConfigurations = (
				7249F08D1AE5641F00D8FEA4 /* Debug */,
				7249F08E1AE5641F00D8FEA4 /* Release */,
			);
			defaultConfigurationIsVisible = 0;
			defaultConfigurationName = Release;
		};
		7249F08F1AE5641F00D8FEA4 /* Build configuration list for PBXNativeTarget "swift-testy" */ = {
			isa = XCConfigurationList;
			buildConfigurations = (
				7249F0901AE5641F00D8FEA4 /* Debug */,
				7249F0911AE5641F00D8FEA4 /* Release */,
			);
			defaultConfigurationIsVisible = 0;
			defaultConfigurationName = Release;
		};
/* End XCConfigurationList section */
	};
	rootObject = 7249F0801AE5641F00D8FEA4 /* Project object */;
}
